
Microsoft Visual Studio Solution File, Format Version 12.00
# Visual Studio Version 17
VisualStudioVersion = 17.2.32616.157
MinimumVisualStudioVersion = 10.0.40219.1
Project("{9A19103F-16F7-4668-BE54-9A1E7A4F7556}") = "Hall Boking System", "Hall Boking System\Hall Boking System.csproj", "{6774FC0A-274D-429F-AFDB-A143A80EB6DF}"
EndProject
Project("{FAE04EC0-301F-11D3-BF4B-00C04F79EFBC}") = "EmailService", "EmailService\EmailService.csproj", "{F2AA5145-577B-4183-A345-616F1CA50937}"
EndProject
Global
	GlobalSection(SolutionConfigurationPlatforms) = preSolution
		Debug|Any CPU = Debug|Any CPU
		Release|Any CPU = Release|Any CPU
	EndGlobalSection
	GlobalSection(ProjectConfigurationPlatforms) = postSolution
		{6774FC0A-274D-429F-AFDB-A143A80EB6DF}.Debug|Any CPU.ActiveCfg = Debug|Any CPU
		{6774FC0A-274D-429F-AFDB-A143A80EB6DF}.Debug|Any CPU.Build.0 = Debug|Any CPU
		{6774FC0A-274D-429F-AFDB-A143A80EB6DF}.Release|Any CPU.ActiveCfg = Release|Any CPU
		{6774FC0A-274D-429F-AFDB-A143A80EB6DF}.Release|Any CPU.Build.0 = Release|Any CPU
		{F2AA5145-577B-4183-A345-616F1CA50937}.Debug|Any CPU.ActiveCfg = Debug|Any CPU
		{F2AA5145-577B-4183-A345-616F1CA50937}.Debug|Any CPU.Build.0 = Debug|Any CPU
		{F2AA5145-577B-4183-A345-616F1CA50937}.Release|Any CPU.ActiveCfg = Release|Any CPU
		{F2AA5145-577B-4183-A345-616F1CA50937}.Release|Any CPU.Build.0 = Release|Any CPU
	EndGlobalSection
	GlobalSection(SolutionProperties) = preSolution
		HideSolutionNode = FALSE
	EndGlobalSection
	GlobalSection(ExtensibilityGlobals) = postSolution
		SolutionGuid = {32C17722-DB62-4665-8038-825AEF7E2F04}
	EndGlobalSection
EndGlobal
